// !$*UTF8*$!
{
	archiveVersion = 1;
	classes = {
	};
	objectVersion = 48;
	objects = {

/* Begin PBXBuildFile section */
		1AA4E9A7200F0C2300A7ACF7 /* AppDelegate.swift in Sources */ = {isa = PBXBuildFile; fileRef = 1AA4E9A6200F0C2300A7ACF7 /* AppDelegate.swift */; };
		1AA4E9AC200F0C2300A7ACF7 /* Main.storyboard in Resources */ = {isa = PBXBuildFile; fileRef = 1AA4E9AA200F0C2300A7ACF7 /* Main.storyboard */; };
		1AA4E9AE200F0C2300A7ACF7 /* Assets.xcassets in Resources */ = {isa = PBXBuildFile; fileRef = 1AA4E9AD200F0C2300A7ACF7 /* Assets.xcassets */; };
		1AA4E9B1200F0C2300A7ACF7 /* LaunchScreen.storyboard in Resources */ = {isa = PBXBuildFile; fileRef = 1AA4E9AF200F0C2300A7ACF7 /* LaunchScreen.storyboard */; };
		1AA4E9BC200F0C4700A7ACF7 /* HomeViewController.swift in Sources */ = {isa = PBXBuildFile; fileRef = 1AA4E9B9200F0C4700A7ACF7 /* HomeViewController.swift */; };
		1AA4E9BD200F0C4700A7ACF7 /* LoadingView.swift in Sources */ = {isa = PBXBuildFile; fileRef = 1AA4E9BB200F0C4700A7ACF7 /* LoadingView.swift */; };
/* End PBXBuildFile section */

/* Begin PBXFileReference section */
		1AA4E9A3200F0C2300A7ACF7 /* LoadingAnimation-Walk.app */ = {isa = PBXFileReference; explicitFileType = wrapper.application; includeInIndex = 0; path = "LoadingAnimation-Walk.app"; sourceTree = BUILT_PRODUCTS_DIR; };
		1AA4E9A6200F0C2300A7ACF7 /* AppDelegate.swift */ = {isa = PBXFileReference; lastKnownFileType = sourcecode.swift; path = AppDelegate.swift; sourceTree = "<group>"; };
		1AA4E9AB200F0C2300A7ACF7 /* Base */ = {isa = PBXFileReference; lastKnownFileType = file.storyboard; name = Base; path = Base.lproj/Main.storyboard; sourceTree = "<group>"; };
		1AA4E9AD200F0C2300A7ACF7 /* Assets.xcassets */ = {isa = PBXFileReference; lastKnownFileType = folder.assetcatalog; path = Assets.xcassets; sourceTree = "<group>"; };
		1AA4E9B0200F0C2300A7ACF7 /* Base */ = {isa = PBXFileReference; lastKnownFileType = file.storyboard; name = Base; path = Base.lproj/LaunchScreen.storyboard; sourceTree = "<group>"; };
		1AA4E9B2200F0C2300A7ACF7 /* Info.plist */ = {isa = PBXFileReference; lastKnownFileType = text.plist.xml; path = Info.plist; sourceTree = "<group>"; };
		1AA4E9B9200F0C4700A7ACF7 /* HomeViewController.swift */ = {isa = PBXFileReference; fileEncoding = 4; lastKnownFileType = sourcecode.swift; path = HomeViewController.swift; sourceTree = "<group>"; };
		1AA4E9BB200F0C4700A7ACF7 /* LoadingView.swift */ = {isa = PBXFileReference; fileEncoding = 4; lastKnownFileType = sourcecode.swift; path = LoadingView.swift; sourceTree = "<group>"; };
/* End PBXFileReference section */

/* Begin PBXFrameworksBuildPhase section */
		1AA4E9A0200F0C2300A7ACF7 /* Frameworks */ = {
			isa = PBXFrameworksBuildPhase;
			buildActionMask = 2147483647;
			files = (
			);
			runOnlyForDeploymentPostprocessing = 0;
		};
/* End PBXFrameworksBuildPhase section */

/* Begin PBXGroup section */
		1AA4E99A200F0C2300A7ACF7 = {
			isa = PBXGroup;
			children = (
				1AA4E9A5200F0C2300A7ACF7 /* LoadingAnimation-Walk */,
				1AA4E9A4200F0C2300A7ACF7 /* Products */,
			);
			sourceTree = "<group>";
		};
		1AA4E9A4200F0C2300A7ACF7 /* Products */ = {
			isa = PBXGroup;
			children = (
				1AA4E9A3200F0C2300A7ACF7 /* LoadingAnimation-Walk.app */,
			);
			name = Products;
			sourceTree = "<group>";
		};
		1AA4E9A5200F0C2300A7ACF7 /* LoadingAnimation-Walk */ = {
			isa = PBXGroup;
			children = (
				1AA4E9A6200F0C2300A7ACF7 /* AppDelegate.swift */,
				1AA4E9BA200F0C4700A7ACF7 /* View */,
				1AA4E9B8200F0C4700A7ACF7 /* ViewController */,
				1AA4E9AA200F0C2300A7ACF7 /* Main.storyboard */,
				1AA4E9AD200F0C2300A7ACF7 /* Assets.xcassets */,
				1AA4E9AF200F0C2300A7ACF7 /* LaunchScreen.storyboard */,
				1AA4E9B2200F0C2300A7ACF7 /* Info.plist */,
			);
			path = "LoadingAnimation-Walk";
			sourceTree = "<group>";
		};
		1AA4E9B8200F0C4700A7ACF7 /* ViewController */ = {
			isa = PBXGroup;
			children = (
				1AA4E9B9200F0C4700A7ACF7 /* HomeViewController.swift */,
			);
			path = ViewController;
			sourceTree = "<group>";
		};
		1AA4E9BA200F0C4700A7ACF7 /* View */ = {
			isa = PBXGroup;
			children = (
				1AA4E9BB200F0C4700A7ACF7 /* LoadingView.swift */,
			);
			path = View;
			sourceTree = "<group>";
		};
/* End PBXGroup section */

/* Begin PBXNativeTarget section */
		1AA4E9A2200F0C2300A7ACF7 /* LoadingAnimation-Walk */ = {
			isa = PBXNativeTarget;
			buildConfigurationList = 1AA4E9B5200F0C2300A7ACF7 /* Build configuration list for PBXNativeTarget "LoadingAnimation-Walk" */;
			buildPhases = (
				1AA4E99F200F0C2300A7ACF7 /* Sources */,
				1AA4E9A0200F0C2300A7ACF7 /* Frameworks */,
				1AA4E9A1200F0C2300A7ACF7 /* Resources */,
			);
			buildRules = (
			);
			dependencies = (
			);
			name = "LoadingAnimation-Walk";
			productName = "LoadingAnimation-Walk";
			productReference = 1AA4E9A3200F0C2300A7ACF7 /* LoadingAnimation-Walk.app */;
			productType = "com.apple.product-type.application";
		};
/* End PBXNativeTarget section */

/* Begin PBXProject section */
		1AA4E99B200F0C2300A7ACF7 /* Project object */ = {
			isa = PBXProject;
			attributes = {
				LastSwiftUpdateCheck = 0920;
				LastUpgradeCheck = 0920;
				ORGANIZATIONNAME = "Don Chen";
				TargetAttributes = {
					1AA4E9A2200F0C2300A7ACF7 = {
						CreatedOnToolsVersion = 9.2;
						ProvisioningStyle = Automatic;
					};
				};
			};
			buildConfigurationList = 1AA4E99E200F0C2300A7ACF7 /* Build configuration list for PBXProject "LoadingAnimation-Walk" */;
			compatibilityVersion = "Xcode 8.0";
			developmentRegion = en;
			hasScannedForEncodings = 0;
			knownRegions = (
				en,
				Base,
			);
			mainGroup = 1AA4E99A200F0C2300A7ACF7;
			productRefGroup = 1AA4E9A4200F0C2300A7ACF7 /* Products */;
			projectDirPath = "";
			projectRoot = "";
			targets = (
				1AA4E9A2200F0C2300A7ACF7 /* LoadingAnimation-Walk */,
			);
		};
/* End PBXProject section */

/* Begin PBXResourcesBuildPhase section */
		1AA4E9A1200F0C2300A7ACF7 /* Resources */ = {
			isa = PBXResourcesBuildPhase;
			buildActionMask = 2147483647;
			files = (
				1AA4E9B1200F0C2300A7ACF7 /* LaunchScreen.storyboard in Resources */,
				1AA4E9AE200F0C2300A7ACF7 /* Assets.xcassets in Resources */,
				1AA4E9AC200F0C2300A7ACF7 /* Main.storyboard in Resources */,
			);
			runOnlyForDeploymentPostprocessing = 0;
		};
/* End PBXResourcesBuildPhase section */

/* Begin PBXSourcesBuildPhase section */
		1AA4E99F200F0C2300A7ACF7 /* Sources */ = {
			isa = PBXSourcesBuildPhase;
			buildActionMask = 2147483647;
			files = (
				1AA4E9A7200F0C2300A7ACF7 /* AppDelegate.swift in Sources */,
				1AA4E9BC200F0C4700A7ACF7 /* HomeViewController.swift in Sources */,
				1AA4E9BD200F0C4700A7ACF7 /* LoadingView.swift in Sources */,
			);
			runOnlyForDeploymentPostprocessing = 0;
		};
/* End PBXSourcesBuildPhase section */

/* Begin PBXVariantGroup section */
		1AA4E9AA200F0C2300A7ACF7 /* Main.storyboard */ = {
			isa = PBXVariantGroup;
			children = (
				1AA4E9AB200F0C2300A7ACF7 /* Base */,
			);
			name = Main.storyboard;
			sourceTree = "<group>";
		};
		1AA4E9AF200F0C2300A7ACF7 /* LaunchScreen.storyboard */ = {
			isa = PBXVariantGroup;
			children = (
				1AA4E9B0200F0C2300A7ACF7 /* Base */,
			);
			name = LaunchScreen.storyboard;
			sourceTree = "<group>";
		};
/* End PBXVariantGroup section */

/* Begin XCBuildConfiguration section */
		1AA4E9B3200F0C2300A7ACF7 /* Debug */ = {
			isa = XCBuildConfiguration;
			buildSettings = {
				ALWAYS_SEARCH_USER_PATHS = NO;
				CLANG_ANALYZER_NONNULL = YES;
				CLANG_ANALYZER_NUMBER_OBJECT_CONVERSION = YES_AGGRESSIVE;
				CLANG_CXX_LANGUAGE_STANDARD = "gnu++14";
				CLANG_CXX_LIBRARY = "libc++";
				CLANG_ENABLE_MODULES = YES;
				CLANG_ENABLE_OBJC_ARC = YES;
				CLANG_WARN_BLOCK_CAPTURE_AUTORELEASING = YES;
				CLANG_WARN_BOOL_CONVERSION = YES;
				CLANG_WARN_COMMA = YES;
				CLANG_WARN_CONSTANT_CONVERSION = YES;
				CLANG_WARN_DIRECT_OBJC_ISA_USAGE = YES_ERROR;
				CLANG_WARN_DOCUMENTATION_COMMENTS = YES;
				CLANG_WARN_EMPTY_BODY = YES;
				CLANG_WARN_ENUM_CONVERSION = YES;
				CLANG_WARN_INFINITE_RECURSION = YES;
				CLANG_WARN_INT_CONVERSION = YES;
				CLANG_WARN_NON_LITERAL_NULL_CONVERSION = YES;
				CLANG_WARN_OBJC_LITERAL_CONVERSION = YES;
				CLANG_WARN_OBJC_ROOT_CLASS = YES_ERROR;
				CLANG_WARN_RANGE_LOOP_ANALYSIS = YES;
				CLANG_WARN_STRICT_PROTOTYPES = YES;
				CLANG_WARN_SUSPICIOUS_MOVE = YES;
				CLANG_WARN_UNGUARDED_AVAILABILITY = YES_AGGRESSIVE;
				CLANG_WARN_UNREACHABLE_CODE = YES;
				CLANG_WARN__DUPLICATE_METHOD_MATCH = YES;
				CODE_SIGN_IDENTITY = "iPhone Developer";
				COPY_PHASE_STRIP = NO;
				DEBUG_INFORMATION_FORMAT = dwarf;
				ENABLE_STRICT_OBJC_MSGSEND = YES;
				ENABLE_TESTABILITY = YES;
				GCC_C_LANGUAGE_STANDARD = gnu11;
				GCC_DYNAMIC_NO_PIC = NO;
				GCC_NO_COMMON_BLOCKS = YES;
				GCC_OPTIMIZATION_LEVEL = 0;
				GCC_PREPROCESSOR_DEFINITIONS = (
					"DEBUG=1",
					"$(inherited)",
				);
				GCC_WARN_64_TO_32_BIT_CONVERSION = YES;
				GCC_WARN_ABOUT_RETURN_TYPE = YES_ERROR;
				GCC_WARN_UNDECLARED_SELECTOR = YES;
				GCC_WARN_UNINITIALIZED_AUTOS = YES_AGGRESSIVE;
				GCC_WARN_UNUSED_FUNCTION = YES;
				GCC_WARN_UNUSED_VARIABLE = YES;
				IPHONEOS_DEPLOYMENT_TARGET = 11.2;
				MTL_ENABLE_DEBUG_INFO = YES;
				ONLY_ACTIVE_ARCH = YES;
				SDKROOT = iphoneos;
				SWIFT_ACTIVE_COMPILATION_CONDITIONS = DEBUG;
				SWIFT_OPTIMIZATION_LEVEL = "-Onone";
			};
			name = Debug;
		};
		1AA4E9B4200F0C2300A7ACF7 /* Release */ = {
			isa = XCBuildConfiguration;
			buildSettings = {
				ALWAYS_SEARCH_USER_PATHS = NO;
				CLANG_ANALYZER_NONNULL = YES;
				CLANG_ANALYZER_NUMBER_OBJECT_CONVERSION = YES_AGGRESSIVE;
				CLANG_CXX_LANGUAGE_STANDARD = "gnu++14";
				CLANG_CXX_LIBRARY = "libc++";
				CLANG_ENABLE_MODULES = YES;
				CLANG_ENABLE_OBJC_ARC = YES;
				CLANG_WARN_BLOCK_CAPTURE_AUTORELEASING = YES;
				CLANG_WARN_BOOL_CONVERSION = YES;
				CLANG_WARN_COMMA = YES;
				CLANG_WARN_CONSTANT_CONVERSION = YES;
				CLANG_WARN_DIRECT_OBJC_ISA_USAGE = YES_ERROR;
				CLANG_WARN_DOCUMENTATION_COMMENTS = YES;
				CLANG_WARN_EMPTY_BODY = YES;
				CLANG_WARN_ENUM_CONVERSION = YES;
				CLANG_WARN_INFINITE_RECURSION = YES;
				CLANG_WARN_INT_CONVERSION = YES;
				CLANG_WARN_NON_LITERAL_NULL_CONVERSION = YES;
				CLANG_WARN_OBJC_LITERAL_CONVERSION = YES;
				CLANG_WARN_OBJC_ROOT_CLASS = YES_ERROR;
				CLANG_WARN_RANGE_LOOP_ANALYSIS = YES;
				CLANG_WARN_STRICT_PROTOTYPES = YES;
				CLANG_WARN_SUSPICIOUS_MOVE = YES;
				CLANG_WARN_UNGUARDED_AVAILABILITY = YES_AGGRESSIVE;
				CLANG_WARN_UNREACHABLE_CODE = YES;
				CLANG_WARN__DUPLICATE_METHOD_MATCH = YES;
				CODE_SIGN_IDENTITY = "iPhone Developer";
				COPY_PHASE_STRIP = NO;
				DEBUG_INFORMATION_FORMAT = "dwarf-with-dsym";
				ENABLE_NS_ASSERTIONS = NO;
				ENABLE_STRICT_OBJC_MSGSEND = YES;
				GCC_C_LANGUAGE_STANDARD = gnu11;
				GCC_NO_COMMON_BLOCKS = YES;
				GCC_WARN_64_TO_32_BIT_CONVERSION = YES;
				GCC_WARN_ABOUT_RETURN_TYPE = YES_ERROR;
				GCC_WARN_UNDECLARED_SELECTOR = YES;
				GCC_WARN_UNINITIALIZED_AUTOS = YES_AGGRESSIVE;
				GCC_WARN_UNUSED_FUNCTION = YES;
				GCC_WARN_UNUSED_VARIABLE = YES;
				IPHONEOS_DEPLOYMENT_TARGET = 11.2;
				MTL_ENABLE_DEBUG_INFO = NO;
				SDKROOT = iphoneos;
				SWIFT_OPTIMIZATION_LEVEL = "-Owholemodule";
				VALIDATE_PRODUCT = YES;
			};
			name = Release;
		};
		1AA4E9B6200F0C2300A7ACF7 /* Debug */ = {
			isa = XCBuildConfiguration;
			buildSettings = {
				ASSETCATALOG_COMPILER_APPICON_NAME = AppIcon;
				CODE_SIGN_STYLE = Automatic;
				DEVELOPMENT_TEAM = DT8726CBX4;
				INFOPLIST_FILE = "LoadingAnimation-Walk/Info.plist";
				IPHONEOS_DEPLOYMENT_TARGET = 9.0;
				LD_RUNPATH_SEARCH_PATHS = "$(inherited) @executable_path/Frameworks";
				PRODUCT_BUNDLE_IDENTIFIER = "ios.devdon.com.LoadingAnimation-Walk";
				PRODUCT_NAME = "$(TARGET_NAME)";
				SWIFT_VERSION = 4.0;
				TARGETED_DEVICE_FAMILY = "1,2";
			};
			name = Debug;
		};
		1AA4E9B7200F0C2300A7ACF7 /* Release */ = {
			isa = XCBuildConfiguration;
			buildSettings = {
				ASSETCATALOG_COMPILER_APPICON_NAME = AppIcon;
				CODE_SIGN_STYLE = Automatic;
				DEVELOPMENT_TEAM = DT8726CBX4;
				INFOPLIST_FILE = "LoadingAnimation-Walk/Info.plist";
				IPHONEOS_DEPLOYMENT_TARGET = 9.0;
				LD_RUNPATH_SEARCH_PATHS = "$(inherited) @executable_path/Frameworks";
				PRODUCT_BUNDLE_IDENTIFIER = "ios.devdon.com.LoadingAnimation-Walk";
				PRODUCT_NAME = "$(TARGET_NAME)";
				SWIFT_VERSION = 4.0;
				TARGETED_DEVICE_FAMILY = "1,2";
			};
			name = Release;
		};
/* End XCBuildConfiguration section */

/* Begin XCConfigurationList section */
		1AA4E99E200F0C2300A7ACF7 /* Build configuration list for PBXProject "LoadingAnimation-Walk" */ = {
			isa = XCConfigurationList;
			buildConfigurations = (
				1AA4E9B3200F0C2300A7ACF7 /* Debug */,
				1AA4E9B4200F0C2300A7ACF7 /* Release */,
			);
			defaultConfigurationIsVisible = 0;
			defaultConfigurationName = Release;
		};
		1AA4E9B5200F0C2300A7ACF7 /* Build configuration list for PBXNativeTarget "LoadingAnimation-Walk" */ = {
			isa = XCConfigurationList;
			buildConfigurations = (
				1AA4E9B6200F0C2300A7ACF7 /* Debug */,
				1AA4E9B7200F0C2300A7ACF7 /* Release */,
			);
			defaultConfigurationIsVisible = 0;
			defaultConfigurationName = Release;
		};
/* End XCConfigurationList section */
	};
	rootObject = 1AA4E99B200F0C2300A7ACF7 /* Project object */;
}
