// !$*UTF8*$!
{
	archiveVersion = 1;
	classes = {
	};
	objectVersion = 48;
	objects = {

/* Begin PBXBuildFile section */
		1A8709191FEB4C8100A84756 /* AppDelegate.swift in Sources */ = {isa = PBXBuildFile; fileRef = 1A8709181FEB4C8100A84756 /* AppDelegate.swift */; };
		1A87091E1FEB4C8100A84756 /* Main.storyboard in Resources */ = {isa = PBXBuildFile; fileRef = 1A87091C1FEB4C8100A84756 /* Main.storyboard */; };
		1A8709201FEB4C8100A84756 /* Assets.xcassets in Resources */ = {isa = PBXBuildFile; fileRef = 1A87091F1FEB4C8100A84756 /* Assets.xcassets */; };
		1A8709231FEB4C8100A84756 /* LaunchScreen.storyboard in Resources */ = {isa = PBXBuildFile; fileRef = 1A8709211FEB4C8100A84756 /* LaunchScreen.storyboard */; };
		1A8709321FEB9F0F00A84756 /* HomeViewController.swift in Sources */ = {isa = PBXBuildFile; fileRef = 1A8709301FEB9F0F00A84756 /* HomeViewController.swift */; };
		1A8709331FEB9F0F00A84756 /* HomeViewController.xib in Resources */ = {isa = PBXBuildFile; fileRef = 1A8709311FEB9F0F00A84756 /* HomeViewController.xib */; };
		1AB61F001FEBDB7A0003F32A /* SKExpandableView.swift in Sources */ = {isa = PBXBuildFile; fileRef = 1AB61EFF1FEBDB7A0003F32A /* SKExpandableView.swift */; };
/* End PBXBuildFile section */

/* Begin PBXFileReference section */
		1A8709151FEB4C8100A84756 /* ExpandableButtons.app */ = {isa = PBXFileReference; explicitFileType = wrapper.application; includeInIndex = 0; path = ExpandableButtons.app; sourceTree = BUILT_PRODUCTS_DIR; };
		1A8709181FEB4C8100A84756 /* AppDelegate.swift */ = {isa = PBXFileReference; lastKnownFileType = sourcecode.swift; path = AppDelegate.swift; sourceTree = "<group>"; };
		1A87091D1FEB4C8100A84756 /* Base */ = {isa = PBXFileReference; lastKnownFileType = file.storyboard; name = Base; path = Base.lproj/Main.storyboard; sourceTree = "<group>"; };
		1A87091F1FEB4C8100A84756 /* Assets.xcassets */ = {isa = PBXFileReference; lastKnownFileType = folder.assetcatalog; path = Assets.xcassets; sourceTree = "<group>"; };
		1A8709221FEB4C8100A84756 /* Base */ = {isa = PBXFileReference; lastKnownFileType = file.storyboard; name = Base; path = Base.lproj/LaunchScreen.storyboard; sourceTree = "<group>"; };
		1A8709241FEB4C8100A84756 /* Info.plist */ = {isa = PBXFileReference; lastKnownFileType = text.plist.xml; path = Info.plist; sourceTree = "<group>"; };
		1A8709301FEB9F0F00A84756 /* HomeViewController.swift */ = {isa = PBXFileReference; lastKnownFileType = sourcecode.swift; path = HomeViewController.swift; sourceTree = "<group>"; };
		1A8709311FEB9F0F00A84756 /* HomeViewController.xib */ = {isa = PBXFileReference; lastKnownFileType = file.xib; path = HomeViewController.xib; sourceTree = "<group>"; };
		1AB61EFF1FEBDB7A0003F32A /* SKExpandableView.swift */ = {isa = PBXFileReference; lastKnownFileType = sourcecode.swift; path = SKExpandableView.swift; sourceTree = "<group>"; };
/* End PBXFileReference section */

/* Begin PBXFrameworksBuildPhase section */
		1A8709121FEB4C8100A84756 /* Frameworks */ = {
			isa = PBXFrameworksBuildPhase;
			buildActionMask = 2147483647;
			files = (
			);
			runOnlyForDeploymentPostprocessing = 0;
		};
/* End PBXFrameworksBuildPhase section */

/* Begin PBXGroup section */
		1A87090C1FEB4C8100A84756 = {
			isa = PBXGroup;
			children = (
				1A8709171FEB4C8100A84756 /* ExpandableButtons */,
				1A8709161FEB4C8100A84756 /* Products */,
			);
			sourceTree = "<group>";
		};
		1A8709161FEB4C8100A84756 /* Products */ = {
			isa = PBXGroup;
			children = (
				1A8709151FEB4C8100A84756 /* ExpandableButtons.app */,
			);
			name = Products;
			sourceTree = "<group>";
		};
		1A8709171FEB4C8100A84756 /* ExpandableButtons */ = {
			isa = PBXGroup;
			children = (
				1A8709181FEB4C8100A84756 /* AppDelegate.swift */,
				1AA88A571FEBE77D002A2F34 /* ViewController */,
				1AB61EFE1FEBDB450003F32A /* SKExpandableView */,
				1A87091C1FEB4C8100A84756 /* Main.storyboard */,
				1A87091F1FEB4C8100A84756 /* Assets.xcassets */,
				1A8709211FEB4C8100A84756 /* LaunchScreen.storyboard */,
				1A8709241FEB4C8100A84756 /* Info.plist */,
			);
			path = ExpandableButtons;
			sourceTree = "<group>";
		};
		1AA88A571FEBE77D002A2F34 /* ViewController */ = {
			isa = PBXGroup;
			children = (
				1A8709301FEB9F0F00A84756 /* HomeViewController.swift */,
				1A8709311FEB9F0F00A84756 /* HomeViewController.xib */,
			);
			path = ViewController;
			sourceTree = "<group>";
		};
		1AB61EFE1FEBDB450003F32A /* SKExpandableView */ = {
			isa = PBXGroup;
			children = (
				1AB61EFF1FEBDB7A0003F32A /* SKExpandableView.swift */,
			);
			path = SKExpandableView;
			sourceTree = "<group>";
		};
/* End PBXGroup section */

/* Begin PBXNativeTarget section */
		1A8709141FEB4C8100A84756 /* ExpandableButtons */ = {
			isa = PBXNativeTarget;
			buildConfigurationList = 1A8709271FEB4C8100A84756 /* Build configuration list for PBXNativeTarget "ExpandableButtons" */;
			buildPhases = (
				1A8709111FEB4C8100A84756 /* Sources */,
				1A8709121FEB4C8100A84756 /* Frameworks */,
				1A8709131FEB4C8100A84756 /* Resources */,
			);
			buildRules = (
			);
			dependencies = (
			);
			name = ExpandableButtons;
			productName = ExpandableButtons;
			productReference = 1A8709151FEB4C8100A84756 /* ExpandableButtons.app */;
			productType = "com.apple.product-type.application";
		};
/* End PBXNativeTarget section */

/* Begin PBXProject section */
		1A87090D1FEB4C8100A84756 /* Project object */ = {
			isa = PBXProject;
			attributes = {
				LastSwiftUpdateCheck = 0920;
				LastUpgradeCheck = 0920;
				ORGANIZATIONNAME = "Don Chen";
				TargetAttributes = {
					1A8709141FEB4C8100A84756 = {
						CreatedOnToolsVersion = 9.2;
						ProvisioningStyle = Automatic;
					};
				};
			};
			buildConfigurationList = 1A8709101FEB4C8100A84756 /* Build configuration list for PBXProject "ExpandableButtons" */;
			compatibilityVersion = "Xcode 8.0";
			developmentRegion = en;
			hasScannedForEncodings = 0;
			knownRegions = (
				en,
				Base,
			);
			mainGroup = 1A87090C1FEB4C8100A84756;
			productRefGroup = 1A8709161FEB4C8100A84756 /* Products */;
			projectDirPath = "";
			projectRoot = "";
			targets = (
				1A8709141FEB4C8100A84756 /* ExpandableButtons */,
			);
		};
/* End PBXProject section */

/* Begin PBXResourcesBuildPhase section */
		1A8709131FEB4C8100A84756 /* Resources */ = {
			isa = PBXResourcesBuildPhase;
			buildActionMask = 2147483647;
			files = (
				1A8709231FEB4C8100A84756 /* LaunchScreen.storyboard in Resources */,
				1A8709201FEB4C8100A84756 /* Assets.xcassets in Resources */,
				1A87091E1FEB4C8100A84756 /* Main.storyboard in Resources */,
				1A8709331FEB9F0F00A84756 /* HomeViewController.xib in Resources */,
			);
			runOnlyForDeploymentPostprocessing = 0;
		};
/* End PBXResourcesBuildPhase section */

/* Begin PBXSourcesBuildPhase section */
		1A8709111FEB4C8100A84756 /* Sources */ = {
			isa = PBXSourcesBuildPhase;
			buildActionMask = 2147483647;
			files = (
				1A8709191FEB4C8100A84756 /* AppDelegate.swift in Sources */,
				1AB61F001FEBDB7A0003F32A /* SKExpandableView.swift in Sources */,
				1A8709321FEB9F0F00A84756 /* HomeViewController.swift in Sources */,
			);
			runOnlyForDeploymentPostprocessing = 0;
		};
/* End PBXSourcesBuildPhase section */

/* Begin PBXVariantGroup section */
		1A87091C1FEB4C8100A84756 /* Main.storyboard */ = {
			isa = PBXVariantGroup;
			children = (
				1A87091D1FEB4C8100A84756 /* Base */,
			);
			name = Main.storyboard;
			sourceTree = "<group>";
		};
		1A8709211FEB4C8100A84756 /* LaunchScreen.storyboard */ = {
			isa = PBXVariantGroup;
			children = (
				1A8709221FEB4C8100A84756 /* Base */,
			);
			name = LaunchScreen.storyboard;
			sourceTree = "<group>";
		};
/* End PBXVariantGroup section */

/* Begin XCBuildConfiguration section */
		1A8709251FEB4C8100A84756 /* Debug */ = {
			isa = XCBuildConfiguration;
			buildSettings = {
				ALWAYS_SEARCH_USER_PATHS = NO;
				CLANG_ANALYZER_NONNULL = YES;
				CLANG_ANALYZER_NUMBER_OBJECT_CONVERSION = YES_AGGRESSIVE;
				CLANG_CXX_LANGUAGE_STANDARD = "gnu++14";
				CLANG_CXX_LIBRARY = "libc++";
				CLANG_ENABLE_MODULES = YES;
				CLANG_ENABLE_OBJC_ARC = YES;
				CLANG_WARN_BLOCK_CAPTURE_AUTORELEASING = YES;
				CLANG_WARN_BOOL_CONVERSION = YES;
				CLANG_WARN_COMMA = YES;
				CLANG_WARN_CONSTANT_CONVERSION = YES;
				CLANG_WARN_DIRECT_OBJC_ISA_USAGE = YES_ERROR;
				CLANG_WARN_DOCUMENTATION_COMMENTS = YES;
				CLANG_WARN_EMPTY_BODY = YES;
				CLANG_WARN_ENUM_CONVERSION = YES;
				CLANG_WARN_INFINITE_RECURSION = YES;
				CLANG_WARN_INT_CONVERSION = YES;
				CLANG_WARN_NON_LITERAL_NULL_CONVERSION = YES;
				CLANG_WARN_OBJC_LITERAL_CONVERSION = YES;
				CLANG_WARN_OBJC_ROOT_CLASS = YES_ERROR;
				CLANG_WARN_RANGE_LOOP_ANALYSIS = YES;
				CLANG_WARN_STRICT_PROTOTYPES = YES;
				CLANG_WARN_SUSPICIOUS_MOVE = YES;
				CLANG_WARN_UNGUARDED_AVAILABILITY = YES_AGGRESSIVE;
				CLANG_WARN_UNREACHABLE_CODE = YES;
				CLANG_WARN__DUPLICATE_METHOD_MATCH = YES;
				CODE_SIGN_IDENTITY = "iPhone Developer";
				COPY_PHASE_STRIP = NO;
				DEBUG_INFORMATION_FORMAT = dwarf;
				ENABLE_STRICT_OBJC_MSGSEND = YES;
				ENABLE_TESTABILITY = YES;
				GCC_C_LANGUAGE_STANDARD = gnu11;
				GCC_DYNAMIC_NO_PIC = NO;
				GCC_NO_COMMON_BLOCKS = YES;
				GCC_OPTIMIZATION_LEVEL = 0;
				GCC_PREPROCESSOR_DEFINITIONS = (
					"DEBUG=1",
					"$(inherited)",
				);
				GCC_WARN_64_TO_32_BIT_CONVERSION = YES;
				GCC_WARN_ABOUT_RETURN_TYPE = YES_ERROR;
				GCC_WARN_UNDECLARED_SELECTOR = YES;
				GCC_WARN_UNINITIALIZED_AUTOS = YES_AGGRESSIVE;
				GCC_WARN_UNUSED_FUNCTION = YES;
				GCC_WARN_UNUSED_VARIABLE = YES;
				IPHONEOS_DEPLOYMENT_TARGET = 11.2;
				MTL_ENABLE_DEBUG_INFO = YES;
				ONLY_ACTIVE_ARCH = YES;
				SDKROOT = iphoneos;
				SWIFT_ACTIVE_COMPILATION_CONDITIONS = DEBUG;
				SWIFT_OPTIMIZATION_LEVEL = "-Onone";
			};
			name = Debug;
		};
		1A8709261FEB4C8100A84756 /* Release */ = {
			isa = XCBuildConfiguration;
			buildSettings = {
				ALWAYS_SEARCH_USER_PATHS = NO;
				CLANG_ANALYZER_NONNULL = YES;
				CLANG_ANALYZER_NUMBER_OBJECT_CONVERSION = YES_AGGRESSIVE;
				CLANG_CXX_LANGUAGE_STANDARD = "gnu++14";
				CLANG_CXX_LIBRARY = "libc++";
				CLANG_ENABLE_MODULES = YES;
				CLANG_ENABLE_OBJC_ARC = YES;
				CLANG_WARN_BLOCK_CAPTURE_AUTORELEASING = YES;
				CLANG_WARN_BOOL_CONVERSION = YES;
				CLANG_WARN_COMMA = YES;
				CLANG_WARN_CONSTANT_CONVERSION = YES;
				CLANG_WARN_DIRECT_OBJC_ISA_USAGE = YES_ERROR;
				CLANG_WARN_DOCUMENTATION_COMMENTS = YES;
				CLANG_WARN_EMPTY_BODY = YES;
				CLANG_WARN_ENUM_CONVERSION = YES;
				CLANG_WARN_INFINITE_RECURSION = YES;
				CLANG_WARN_INT_CONVERSION = YES;
				CLANG_WARN_NON_LITERAL_NULL_CONVERSION = YES;
				CLANG_WARN_OBJC_LITERAL_CONVERSION = YES;
				CLANG_WARN_OBJC_ROOT_CLASS = YES_ERROR;
				CLANG_WARN_RANGE_LOOP_ANALYSIS = YES;
				CLANG_WARN_STRICT_PROTOTYPES = YES;
				CLANG_WARN_SUSPICIOUS_MOVE = YES;
				CLANG_WARN_UNGUARDED_AVAILABILITY = YES_AGGRESSIVE;
				CLANG_WARN_UNREACHABLE_CODE = YES;
				CLANG_WARN__DUPLICATE_METHOD_MATCH = YES;
				CODE_SIGN_IDENTITY = "iPhone Developer";
				COPY_PHASE_STRIP = NO;
				DEBUG_INFORMATION_FORMAT = "dwarf-with-dsym";
				ENABLE_NS_ASSERTIONS = NO;
				ENABLE_STRICT_OBJC_MSGSEND = YES;
				GCC_C_LANGUAGE_STANDARD = gnu11;
				GCC_NO_COMMON_BLOCKS = YES;
				GCC_WARN_64_TO_32_BIT_CONVERSION = YES;
				GCC_WARN_ABOUT_RETURN_TYPE = YES_ERROR;
				GCC_WARN_UNDECLARED_SELECTOR = YES;
				GCC_WARN_UNINITIALIZED_AUTOS = YES_AGGRESSIVE;
				GCC_WARN_UNUSED_FUNCTION = YES;
				GCC_WARN_UNUSED_VARIABLE = YES;
				IPHONEOS_DEPLOYMENT_TARGET = 11.2;
				MTL_ENABLE_DEBUG_INFO = NO;
				SDKROOT = iphoneos;
				SWIFT_OPTIMIZATION_LEVEL = "-Owholemodule";
				VALIDATE_PRODUCT = YES;
			};
			name = Release;
		};
		1A8709281FEB4C8100A84756 /* Debug */ = {
			isa = XCBuildConfiguration;
			buildSettings = {
				ASSETCATALOG_COMPILER_APPICON_NAME = AppIcon;
				CODE_SIGN_STYLE = Automatic;
				DEVELOPMENT_TEAM = DT8726CBX4;
				INFOPLIST_FILE = ExpandableButtons/Info.plist;
				IPHONEOS_DEPLOYMENT_TARGET = 9.0;
				LD_RUNPATH_SEARCH_PATHS = "$(inherited) @executable_path/Frameworks";
				PRODUCT_BUNDLE_IDENTIFIER = ios.devdon.com.ExpandableButtons;
				PRODUCT_NAME = "$(TARGET_NAME)";
				SWIFT_VERSION = 4.0;
				TARGETED_DEVICE_FAMILY = 1;
			};
			name = Debug;
		};
		1A8709291FEB4C8100A84756 /* Release */ = {
			isa = XCBuildConfiguration;
			buildSettings = {
				ASSETCATALOG_COMPILER_APPICON_NAME = AppIcon;
				CODE_SIGN_STYLE = Automatic;
				DEVELOPMENT_TEAM = DT8726CBX4;
				INFOPLIST_FILE = ExpandableButtons/Info.plist;
				IPHONEOS_DEPLOYMENT_TARGET = 9.0;
				LD_RUNPATH_SEARCH_PATHS = "$(inherited) @executable_path/Frameworks";
				PRODUCT_BUNDLE_IDENTIFIER = ios.devdon.com.ExpandableButtons;
				PRODUCT_NAME = "$(TARGET_NAME)";
				SWIFT_VERSION = 4.0;
				TARGETED_DEVICE_FAMILY = 1;
			};
			name = Release;
		};
/* End XCBuildConfiguration section */

/* Begin XCConfigurationList section */
		1A8709101FEB4C8100A84756 /* Build configuration list for PBXProject "ExpandableButtons" */ = {
			isa = XCConfigurationList;
			buildConfigurations = (
				1A8709251FEB4C8100A84756 /* Debug */,
				1A8709261FEB4C8100A84756 /* Release */,
			);
			defaultConfigurationIsVisible = 0;
			defaultConfigurationName = Release;
		};
		1A8709271FEB4C8100A84756 /* Build configuration list for PBXNativeTarget "ExpandableButtons" */ = {
			isa = XCConfigurationList;
			buildConfigurations = (
				1A8709281FEB4C8100A84756 /* Debug */,
				1A8709291FEB4C8100A84756 /* Release */,
			);
			defaultConfigurationIsVisible = 0;
			defaultConfigurationName = Release;
		};
/* End XCConfigurationList section */
	};
	rootObject = 1A87090D1FEB4C8100A84756 /* Project object */;
}
